
Microsoft Visual Studio Solution File, Format Version 12.00
# Visual Studio Version 16
VisualStudioVersion = 16.0.29409.12
MinimumVisualStudioVersion = 10.0.40219.1
Project("{FAE04EC0-301F-11D3-BF4B-00C04F79EFBC}") = "SyncDelegateReview", "SyncDelegateReview\SyncDelegateReview.csproj", "{DAB250BD-2D75-48AF-A15A-98D398FA0B73}"
EndProject
Project("{FAE04EC0-301F-11D3-BF4B-00C04F79EFBC}") = "AsyncDelegate", "AsyncDelegate\AsyncDelegate.csproj", "{9D52D078-8CFE-436A-BF56-7BF3BCC4BA0B}"
EndProject
Project("{FAE04EC0-301F-11D3-BF4B-00C04F79EFBC}") = "AsyncCallbackDelegate", "AsyncCallbackDelegate\AsyncCallbackDelegate.csproj", "{94A99BAD-B2CA-41C2-8E21-8E424B21F321}"
EndProject
Project("{FAE04EC0-301F-11D3-BF4B-00C04F79EFBC}") = "ThreadStats", "ThreadStats\ThreadStats.csproj", "{EA46665B-5A99-414F-B5F8-60434C3A05B5}"
EndProject
Project("{FAE04EC0-301F-11D3-BF4B-00C04F79EFBC}") = "SimpleMultiThreadApp", "SimpleMultiThreadApp\SimpleMultiThreadApp.csproj", "{3E5666A6-57F1-4A2D-81E0-941A046DB6D0}"
EndProject
Project("{FAE04EC0-301F-11D3-BF4B-00C04F79EFBC}") = "AddWithThreads", "AddWithThreads\AddWithThreads.csproj", "{4BE1EC66-DC22-4248-A02C-A8D450F2778F}"
EndProject
Project("{FAE04EC0-301F-11D3-BF4B-00C04F79EFBC}") = "MultiThreadedPrinting", "MultiThreadedPrinting\MultiThreadedPrinting.csproj", "{D4E4FAFE-2A73-49A7-B7F1-78B128CCF1AA}"
EndProject
Project("{FAE04EC0-301F-11D3-BF4B-00C04F79EFBC}") = "TimerApp", "TimerApp\TimerApp.csproj", "{3384A18C-7738-4691-A5B4-3758CBA2E8F5}"
EndProject
Project("{FAE04EC0-301F-11D3-BF4B-00C04F79EFBC}") = "ThreadPoolApp", "ThreadPoolApp\ThreadPoolApp.csproj", "{0885EE86-823C-4F29-968B-38D51781E97A}"
EndProject
Project("{FAE04EC0-301F-11D3-BF4B-00C04F79EFBC}") = "DataParallelismWithForEach", "DataParallelismWithForEach\DataParallelismWithForEach.csproj", "{ED98E5C1-7613-447D-B98C-862D20B9C7C7}"
EndProject
Project("{FAE04EC0-301F-11D3-BF4B-00C04F79EFBC}") = "MyEBookReader", "MyEBookReader\MyEBookReader.csproj", "{CB8F94F6-D7F6-4883-9D27-D55F0DC86A57}"
EndProject
Project("{FAE04EC0-301F-11D3-BF4B-00C04F79EFBC}") = "PLINQDataProcessingWithCancellation", "PLINQDataProcessingWithCancellation\PLINQDataProcessingWithCancellation.csproj", "{A88948BF-503F-4A6D-BFBB-01125FCC4426}"
EndProject
Project("{FAE04EC0-301F-11D3-BF4B-00C04F79EFBC}") = "FunWithCSharpAsync", "FunWithCSharpAsync\FunWithCSharpAsync.csproj", "{3F2C41C5-B85C-46E0-B770-D78274621F75}"
EndProject
Project("{FAE04EC0-301F-11D3-BF4B-00C04F79EFBC}") = "AddWithThreadAsync", "AddWithThreadAsync\AddWithThreadAsync.csproj", "{581D0200-52B4-4E7E-AEA3-0611B7B92DA1}"
EndProject
Project("{FAE04EC0-301F-11D3-BF4B-00C04F79EFBC}") = "DirectoryApp", "DirectoryApp\DirectoryApp.csproj", "{FA94EF55-F23A-4D67-A6B5-B3B7A52B7579}"
EndProject
Project("{FAE04EC0-301F-11D3-BF4B-00C04F79EFBC}") = "DriveInfoApp", "DriveInfoApp\DriveInfoApp.csproj", "{316BE811-0C88-45FD-9985-807AD9094AEE}"
EndProject
Project("{FAE04EC0-301F-11D3-BF4B-00C04F79EFBC}") = "SimpleFileIO", "SimpleFileIO\SimpleFileIO.csproj", "{E5840249-9C2E-4000-9AD6-FB2085F848FF}"
EndProject
Project("{FAE04EC0-301F-11D3-BF4B-00C04F79EFBC}") = "FileStreamApp", "FileStreamApp\FileStreamApp.csproj", "{93E07477-5903-4713-9F3C-44396AB5F2F5}"
EndProject
Project("{FAE04EC0-301F-11D3-BF4B-00C04F79EFBC}") = "StreamWriterReaderApp", "StreamWriterReaderApp\StreamWriterReaderApp.csproj", "{A6358D5F-EA78-49A7-9F46-33555C294F7B}"
EndProject
Project("{FAE04EC0-301F-11D3-BF4B-00C04F79EFBC}") = "StringReaderWriterApp", "StringReaderWriterApp\StringReaderWriterApp.csproj", "{64D507E4-2DFE-4391-B373-372E1344F466}"
EndProject
Project("{FAE04EC0-301F-11D3-BF4B-00C04F79EFBC}") = "BinaryWriterReaderApp", "BinaryWriterReaderApp\BinaryWriterReaderApp.csproj", "{6ACFBBA6-A754-4219-9FD3-CFA8B539D1F3}"
EndProject
Project("{FAE04EC0-301F-11D3-BF4B-00C04F79EFBC}") = "MyDirectoryWatcher", "MyDirectoryWatcher\MyDirectoryWatcher.csproj", "{C80E863E-94A4-4F64-A2B1-45F462435F40}"
EndProject
Global
	GlobalSection(SolutionConfigurationPlatforms) = preSolution
		Debug|Any CPU = Debug|Any CPU
		Release|Any CPU = Release|Any CPU
	EndGlobalSection
	GlobalSection(ProjectConfigurationPlatforms) = postSolution
		{DAB250BD-2D75-48AF-A15A-98D398FA0B73}.Debug|Any CPU.ActiveCfg = Debug|Any CPU
		{DAB250BD-2D75-48AF-A15A-98D398FA0B73}.Debug|Any CPU.Build.0 = Debug|Any CPU
		{DAB250BD-2D75-48AF-A15A-98D398FA0B73}.Release|Any CPU.ActiveCfg = Release|Any CPU
		{DAB250BD-2D75-48AF-A15A-98D398FA0B73}.Release|Any CPU.Build.0 = Release|Any CPU
		{9D52D078-8CFE-436A-BF56-7BF3BCC4BA0B}.Debug|Any CPU.ActiveCfg = Debug|Any CPU
		{9D52D078-8CFE-436A-BF56-7BF3BCC4BA0B}.Debug|Any CPU.Build.0 = Debug|Any CPU
		{9D52D078-8CFE-436A-BF56-7BF3BCC4BA0B}.Release|Any CPU.ActiveCfg = Release|Any CPU
		{9D52D078-8CFE-436A-BF56-7BF3BCC4BA0B}.Release|Any CPU.Build.0 = Release|Any CPU
		{94A99BAD-B2CA-41C2-8E21-8E424B21F321}.Debug|Any CPU.ActiveCfg = Debug|Any CPU
		{94A99BAD-B2CA-41C2-8E21-8E424B21F321}.Debug|Any CPU.Build.0 = Debug|Any CPU
		{94A99BAD-B2CA-41C2-8E21-8E424B21F321}.Release|Any CPU.ActiveCfg = Release|Any CPU
		{94A99BAD-B2CA-41C2-8E21-8E424B21F321}.Release|Any CPU.Build.0 = Release|Any CPU
		{EA46665B-5A99-414F-B5F8-60434C3A05B5}.Debug|Any CPU.ActiveCfg = Debug|Any CPU
		{EA46665B-5A99-414F-B5F8-60434C3A05B5}.Debug|Any CPU.Build.0 = Debug|Any CPU
		{EA46665B-5A99-414F-B5F8-60434C3A05B5}.Release|Any CPU.ActiveCfg = Release|Any CPU
		{EA46665B-5A99-414F-B5F8-60434C3A05B5}.Release|Any CPU.Build.0 = Release|Any CPU
		{3E5666A6-57F1-4A2D-81E0-941A046DB6D0}.Debug|Any CPU.ActiveCfg = Debug|Any CPU
		{3E5666A6-57F1-4A2D-81E0-941A046DB6D0}.Debug|Any CPU.Build.0 = Debug|Any CPU
		{3E5666A6-57F1-4A2D-81E0-941A046DB6D0}.Release|Any CPU.ActiveCfg = Release|Any CPU
		{3E5666A6-57F1-4A2D-81E0-941A046DB6D0}.Release|Any CPU.Build.0 = Release|Any CPU
		{4BE1EC66-DC22-4248-A02C-A8D450F2778F}.Debug|Any CPU.ActiveCfg = Debug|Any CPU
		{4BE1EC66-DC22-4248-A02C-A8D450F2778F}.Debug|Any CPU.Build.0 = Debug|Any CPU
		{4BE1EC66-DC22-4248-A02C-A8D450F2778F}.Release|Any CPU.ActiveCfg = Release|Any CPU
		{4BE1EC66-DC22-4248-A02C-A8D450F2778F}.Release|Any CPU.Build.0 = Release|Any CPU
		{D4E4FAFE-2A73-49A7-B7F1-78B128CCF1AA}.Debug|Any CPU.ActiveCfg = Debug|Any CPU
		{D4E4FAFE-2A73-49A7-B7F1-78B128CCF1AA}.Debug|Any CPU.Build.0 = Debug|Any CPU
		{D4E4FAFE-2A73-49A7-B7F1-78B128CCF1AA}.Release|Any CPU.ActiveCfg = Release|Any CPU
		{D4E4FAFE-2A73-49A7-B7F1-78B128CCF1AA}.Release|Any CPU.Build.0 = Release|Any CPU
		{3384A18C-7738-4691-A5B4-3758CBA2E8F5}.Debug|Any CPU.ActiveCfg = Debug|Any CPU
		{3384A18C-7738-4691-A5B4-3758CBA2E8F5}.Debug|Any CPU.Build.0 = Debug|Any CPU
		{3384A18C-7738-4691-A5B4-3758CBA2E8F5}.Release|Any CPU.ActiveCfg = Release|Any CPU
		{3384A18C-7738-4691-A5B4-3758CBA2E8F5}.Release|Any CPU.Build.0 = Release|Any CPU
		{0885EE86-823C-4F29-968B-38D51781E97A}.Debug|Any CPU.ActiveCfg = Debug|Any CPU
		{0885EE86-823C-4F29-968B-38D51781E97A}.Debug|Any CPU.Build.0 = Debug|Any CPU
		{0885EE86-823C-4F29-968B-38D51781E97A}.Release|Any CPU.ActiveCfg = Release|Any CPU
		{0885EE86-823C-4F29-968B-38D51781E97A}.Release|Any CPU.Build.0 = Release|Any CPU
		{ED98E5C1-7613-447D-B98C-862D20B9C7C7}.Debug|Any CPU.ActiveCfg = Debug|Any CPU
		{ED98E5C1-7613-447D-B98C-862D20B9C7C7}.Debug|Any CPU.Build.0 = Debug|Any CPU
		{ED98E5C1-7613-447D-B98C-862D20B9C7C7}.Release|Any CPU.ActiveCfg = Release|Any CPU
		{ED98E5C1-7613-447D-B98C-862D20B9C7C7}.Release|Any CPU.Build.0 = Release|Any CPU
		{CB8F94F6-D7F6-4883-9D27-D55F0DC86A57}.Debug|Any CPU.ActiveCfg = Debug|Any CPU
		{CB8F94F6-D7F6-4883-9D27-D55F0DC86A57}.Debug|Any CPU.Build.0 = Debug|Any CPU
		{CB8F94F6-D7F6-4883-9D27-D55F0DC86A57}.Release|Any CPU.ActiveCfg = Release|Any CPU
		{CB8F94F6-D7F6-4883-9D27-D55F0DC86A57}.Release|Any CPU.Build.0 = Release|Any CPU
		{A88948BF-503F-4A6D-BFBB-01125FCC4426}.Debug|Any CPU.ActiveCfg = Debug|Any CPU
		{A88948BF-503F-4A6D-BFBB-01125FCC4426}.Debug|Any CPU.Build.0 = Debug|Any CPU
		{A88948BF-503F-4A6D-BFBB-01125FCC4426}.Release|Any CPU.ActiveCfg = Release|Any CPU
		{A88948BF-503F-4A6D-BFBB-01125FCC4426}.Release|Any CPU.Build.0 = Release|Any CPU
		{3F2C41C5-B85C-46E0-B770-D78274621F75}.Debug|Any CPU.ActiveCfg = Debug|Any CPU
		{3F2C41C5-B85C-46E0-B770-D78274621F75}.Debug|Any CPU.Build.0 = Debug|Any CPU
		{3F2C41C5-B85C-46E0-B770-D78274621F75}.Release|Any CPU.ActiveCfg = Release|Any CPU
		{3F2C41C5-B85C-46E0-B770-D78274621F75}.Release|Any CPU.Build.0 = Release|Any CPU
		{581D0200-52B4-4E7E-AEA3-0611B7B92DA1}.Debug|Any CPU.ActiveCfg = Debug|Any CPU
		{581D0200-52B4-4E7E-AEA3-0611B7B92DA1}.Debug|Any CPU.Build.0 = Debug|Any CPU
		{581D0200-52B4-4E7E-AEA3-0611B7B92DA1}.Release|Any CPU.ActiveCfg = Release|Any CPU
		{581D0200-52B4-4E7E-AEA3-0611B7B92DA1}.Release|Any CPU.Build.0 = Release|Any CPU
		{FA94EF55-F23A-4D67-A6B5-B3B7A52B7579}.Debug|Any CPU.ActiveCfg = Debug|Any CPU
		{FA94EF55-F23A-4D67-A6B5-B3B7A52B7579}.Debug|Any CPU.Build.0 = Debug|Any CPU
		{FA94EF55-F23A-4D67-A6B5-B3B7A52B7579}.Release|Any CPU.ActiveCfg = Release|Any CPU
		{FA94EF55-F23A-4D67-A6B5-B3B7A52B7579}.Release|Any CPU.Build.0 = Release|Any CPU
		{316BE811-0C88-45FD-9985-807AD9094AEE}.Debug|Any CPU.ActiveCfg = Debug|Any CPU
		{316BE811-0C88-45FD-9985-807AD9094AEE}.Debug|Any CPU.Build.0 = Debug|Any CPU
		{316BE811-0C88-45FD-9985-807AD9094AEE}.Release|Any CPU.ActiveCfg = Release|Any CPU
		{316BE811-0C88-45FD-9985-807AD9094AEE}.Release|Any CPU.Build.0 = Release|Any CPU
		{E5840249-9C2E-4000-9AD6-FB2085F848FF}.Debug|Any CPU.ActiveCfg = Debug|Any CPU
		{E5840249-9C2E-4000-9AD6-FB2085F848FF}.Debug|Any CPU.Build.0 = Debug|Any CPU
		{E5840249-9C2E-4000-9AD6-FB2085F848FF}.Release|Any CPU.ActiveCfg = Release|Any CPU
		{E5840249-9C2E-4000-9AD6-FB2085F848FF}.Release|Any CPU.Build.0 = Release|Any CPU
		{93E07477-5903-4713-9F3C-44396AB5F2F5}.Debug|Any CPU.ActiveCfg = Debug|Any CPU
		{93E07477-5903-4713-9F3C-44396AB5F2F5}.Debug|Any CPU.Build.0 = Debug|Any CPU
		{93E07477-5903-4713-9F3C-44396AB5F2F5}.Release|Any CPU.ActiveCfg = Release|Any CPU
		{93E07477-5903-4713-9F3C-44396AB5F2F5}.Release|Any CPU.Build.0 = Release|Any CPU
		{A6358D5F-EA78-49A7-9F46-33555C294F7B}.Debug|Any CPU.ActiveCfg = Debug|Any CPU
		{A6358D5F-EA78-49A7-9F46-33555C294F7B}.Debug|Any CPU.Build.0 = Debug|Any CPU
		{A6358D5F-EA78-49A7-9F46-33555C294F7B}.Release|Any CPU.ActiveCfg = Release|Any CPU
		{A6358D5F-EA78-49A7-9F46-33555C294F7B}.Release|Any CPU.Build.0 = Release|Any CPU
		{64D507E4-2DFE-4391-B373-372E1344F466}.Debug|Any CPU.ActiveCfg = Debug|Any CPU
		{64D507E4-2DFE-4391-B373-372E1344F466}.Debug|Any CPU.Build.0 = Debug|Any CPU
		{64D507E4-2DFE-4391-B373-372E1344F466}.Release|Any CPU.ActiveCfg = Release|Any CPU
		{64D507E4-2DFE-4391-B373-372E1344F466}.Release|Any CPU.Build.0 = Release|Any CPU
		{6ACFBBA6-A754-4219-9FD3-CFA8B539D1F3}.Debug|Any CPU.ActiveCfg = Debug|Any CPU
		{6ACFBBA6-A754-4219-9FD3-CFA8B539D1F3}.Debug|Any CPU.Build.0 = Debug|Any CPU
		{6ACFBBA6-A754-4219-9FD3-CFA8B539D1F3}.Release|Any CPU.ActiveCfg = Release|Any CPU
		{6ACFBBA6-A754-4219-9FD3-CFA8B539D1F3}.Release|Any CPU.Build.0 = Release|Any CPU
		{C80E863E-94A4-4F64-A2B1-45F462435F40}.Debug|Any CPU.ActiveCfg = Debug|Any CPU
		{C80E863E-94A4-4F64-A2B1-45F462435F40}.Debug|Any CPU.Build.0 = Debug|Any CPU
		{C80E863E-94A4-4F64-A2B1-45F462435F40}.Release|Any CPU.ActiveCfg = Release|Any CPU
		{C80E863E-94A4-4F64-A2B1-45F462435F40}.Release|Any CPU.Build.0 = Release|Any CPU
	EndGlobalSection
	GlobalSection(SolutionProperties) = preSolution
		HideSolutionNode = FALSE
	EndGlobalSection
	GlobalSection(ExtensibilityGlobals) = postSolution
		SolutionGuid = {4D6D0025-76C9-4909-8496-B32758C87181}
	EndGlobalSection
EndGlobal
